
Microsoft Visual Studio Solution File, Format Version 12.00
# Visual Studio Version 17
VisualStudioVersion = 17.4.33213.308
MinimumVisualStudioVersion = 10.0.40219.1
Project("{9A19103F-16F7-4668-BE54-9A1E7A4F7556}") = "Demo", "Demo.csproj", "{78B116C1-641C-4448-B760-B172F6024329}"
EndProject
Global
	GlobalSection(SolutionConfigurationPlatforms) = preSolution
		Debug|Any CPU = Debug|Any CPU
		Release|Any CPU = Release|Any CPU
	EndGlobalSection
	GlobalSection(ProjectConfigurationPlatforms) = postSolution
		{78B116C1-641C-4448-B760-B172F6024329}.Debug|Any CPU.ActiveCfg = Debug|Any CPU
		{78B116C1-641C-4448-B760-B172F6024329}.Debug|Any CPU.Build.0 = Debug|Any CPU
		{78B116C1-641C-4448-B760-B172F6024329}.Release|Any CPU.ActiveCfg = Release|Any CPU
		{78B116C1-641C-4448-B760-B172F6024329}.Release|Any CPU.Build.0 = Release|Any CPU
	EndGlobalSection
	GlobalSection(SolutionProperties) = preSolution
		HideSolutionNode = FALSE
	EndGlobalSection
	GlobalSection(ExtensibilityGlobals) = postSolution
		SolutionGuid = {3EB931AC-6818-4620-A6E3-F5E52076DE3A}
	EndGlobalSection
EndGlobal
